# Generated by pub
# See https://dart.dev/tools/pub/glossary#lockfile
packages:
  analyzer:
    dependency: transitive
    description:
      name: analyzer
      url: "https://mirrors.tuna.tsinghua.edu.cn/dart-pub/"
    source: hosted
    version: "0.36.4"
  archive:
    dependency: transitive
    description:
      name: archive
      url: "https://mirrors.tuna.tsinghua.edu.cn/dart-pub/"
    source: hosted
    version: "2.0.10"
  args:
    dependency: transitive
    description:
      name: args
      url: "https://mirrors.tuna.tsinghua.edu.cn/dart-pub/"
    source: hosted
    version: "1.5.2"
  async:
    dependency: transitive
    description:
      name: async
      url: "https://mirrors.tuna.tsinghua.edu.cn/dart-pub/"
    source: hosted
    version: "2.3.0"
  boolean_selector:
    dependency: transitive
    description:
      name: boolean_selector
      url: "https://mirrors.tuna.tsinghua.edu.cn/dart-pub/"
    source: hosted
    version: "1.0.5"
  charcode:
    dependency: transitive
    description:
      name: charcode
      url: "https://mirrors.tuna.tsinghua.edu.cn/dart-pub/"
    source: hosted
    version: "1.1.2"
  collection:
    dependency: transitive
    description:
      name: collection
      url: "https://mirrors.tuna.tsinghua.edu.cn/dart-pub/"
    source: hosted
    version: "1.14.11"
  convert:
    dependency: transitive
    description:
      name: convert
      url: "https://mirrors.tuna.tsinghua.edu.cn/dart-pub/"
    source: hosted
    version: "2.1.1"
  crypto:
    dependency: transitive
    description:
      name: crypto
      url: "https://mirrors.tuna.tsinghua.edu.cn/dart-pub/"
    source: hosted
    version: "2.1.3"
  csslib:
    dependency: transitive
    description:
      name: csslib
      url: "https://mirrors.tuna.tsinghua.edu.cn/dart-pub/"
    source: hosted
    version: "0.16.1"
  fijkplayer:
    dependency: "direct dev"
    description:
      path: ".."
      relative: true
    source: path
    version: "0.2.2"
  file:
    dependency: transitive
    description:
      name: file
      url: "https://mirrors.tuna.tsinghua.edu.cn/dart-pub/"
    source: hosted
    version: "5.1.0"
  flutter:
    dependency: "direct main"
    description: flutter
    source: sdk
    version: "0.0.0"
  flutter_driver:
    dependency: "direct dev"
    description: flutter
    source: sdk
    version: "0.0.0"
  flutter_test:
    dependency: "direct dev"
    description: flutter
    source: sdk
    version: "0.0.0"
  front_end:
    dependency: transitive
    description:
      name: front_end
      url: "https://mirrors.tuna.tsinghua.edu.cn/dart-pub/"
    source: hosted
    version: "0.1.19"
  fuchsia_remote_debug_protocol:
    dependency: transitive
    description: flutter
    source: sdk
    version: "0.0.0"
  glob:
    dependency: transitive
    description:
      name: glob
      url: "https://mirrors.tuna.tsinghua.edu.cn/dart-pub/"
    source: hosted
    version: "1.2.0"
  html:
    dependency: transitive
    description:
      name: html
      url: "https://mirrors.tuna.tsinghua.edu.cn/dart-pub/"
    source: hosted
    version: "0.14.0+3"
  http:
    dependency: transitive
    description:
      name: http
      url: "https://mirrors.tuna.tsinghua.edu.cn/dart-pub/"
    source: hosted
    version: "0.12.0+2"
  http_multi_server:
    dependency: transitive
    description:
      name: http_multi_server
      url: "https://mirrors.tuna.tsinghua.edu.cn/dart-pub/"
    source: hosted
    version: "2.1.0"
  http_parser:
    dependency: transitive
    description:
      name: http_parser
      url: "https://mirrors.tuna.tsinghua.edu.cn/dart-pub/"
    source: hosted
    version: "3.1.3"
  image:
    dependency: transitive
    description:
      name: image
      url: "https://mirrors.tuna.tsinghua.edu.cn/dart-pub/"
    source: hosted
    version: "2.1.4"
  intl:
    dependency: transitive
    description:
      name: intl
      url: "https://mirrors.tuna.tsinghua.edu.cn/dart-pub/"
    source: hosted
    version: "0.16.0"
  io:
    dependency: transitive
    description:
      name: io
      url: "https://mirrors.tuna.tsinghua.edu.cn/dart-pub/"
    source: hosted
    version: "0.3.3"
  js:
    dependency: transitive
    description:
      name: js
      url: "https://mirrors.tuna.tsinghua.edu.cn/dart-pub/"
    source: hosted
    version: "0.6.1+1"
  json_rpc_2:
    dependency: transitive
    description:
      name: json_rpc_2
      url: "https://mirrors.tuna.tsinghua.edu.cn/dart-pub/"
    source: hosted
    version: "2.1.0"
  kernel:
    dependency: transitive
    description:
      name: kernel
      url: "https://mirrors.tuna.tsinghua.edu.cn/dart-pub/"
    source: hosted
    version: "0.3.19"
  matcher:
    dependency: transitive
    description:
      name: matcher
      url: "https://mirrors.tuna.tsinghua.edu.cn/dart-pub/"
    source: hosted
    version: "0.12.5"
  meta:
    dependency: transitive
    description:
      name: meta
      url: "https://mirrors.tuna.tsinghua.edu.cn/dart-pub/"
    source: hosted
    version: "1.1.7"
  mime:
    dependency: transitive
    description:
      name: mime
      url: "https://mirrors.tuna.tsinghua.edu.cn/dart-pub/"
    source: hosted
    version: "0.9.6+3"
  multi_server_socket:
    dependency: transitive
    description:
      name: multi_server_socket
      url: "https://mirrors.tuna.tsinghua.edu.cn/dart-pub/"
    source: hosted
    version: "1.0.2"
  node_interop:
    dependency: transitive
    description:
      name: node_interop
      url: "https://mirrors.tuna.tsinghua.edu.cn/dart-pub/"
    source: hosted
    version: "1.0.3"
  node_io:
    dependency: transitive
    description:
      name: node_io
      url: "https://mirrors.tuna.tsinghua.edu.cn/dart-pub/"
    source: hosted
    version: "1.0.1+2"
  node_preamble:
    dependency: transitive
    description:
      name: node_preamble
      url: "https://mirrors.tuna.tsinghua.edu.cn/dart-pub/"
    source: hosted
    version: "1.4.8"
  package_config:
    dependency: transitive
    description:
      name: package_config
      url: "https://mirrors.tuna.tsinghua.edu.cn/dart-pub/"
    source: hosted
    version: "1.1.0"
  package_resolver:
    dependency: transitive
    description:
      name: package_resolver
      url: "https://mirrors.tuna.tsinghua.edu.cn/dart-pub/"
    source: hosted
    version: "1.0.10"
  path:
    dependency: transitive
    description:
      name: path
      url: "https://mirrors.tuna.tsinghua.edu.cn/dart-pub/"
    source: hosted
    version: "1.6.4"
  path_provider:
    dependency: "direct main"
    description:
      name: path_provider
      url: "https://mirrors.tuna.tsinghua.edu.cn/dart-pub/"
    source: hosted
    version: "1.4.2"
  pedantic:
    dependency: transitive
    description:
      name: pedantic
      url: "https://mirrors.tuna.tsinghua.edu.cn/dart-pub/"
    source: hosted
    version: "1.8.0+1"
  permission_handler:
    dependency: "direct main"
    description:
      name: permission_handler
      url: "https://mirrors.tuna.tsinghua.edu.cn/dart-pub/"
    source: hosted
    version: "3.3.0"
  petitparser:
    dependency: transitive
    description:
      name: petitparser
      url: "https://mirrors.tuna.tsinghua.edu.cn/dart-pub/"
    source: hosted
    version: "2.4.0"
  platform:
    dependency: transitive
    description:
      name: platform
      url: "https://mirrors.tuna.tsinghua.edu.cn/dart-pub/"
    source: hosted
    version: "2.2.1"
  pool:
    dependency: transitive
    description:
      name: pool
      url: "https://mirrors.tuna.tsinghua.edu.cn/dart-pub/"
    source: hosted
    version: "1.4.0"
  process:
    dependency: transitive
    description:
      name: process
      url: "https://mirrors.tuna.tsinghua.edu.cn/dart-pub/"
    source: hosted
    version: "3.0.12"
  pub_semver:
    dependency: transitive
    description:
      name: pub_semver
      url: "https://mirrors.tuna.tsinghua.edu.cn/dart-pub/"
    source: hosted
    version: "1.4.2"
  quiver:
    dependency: transitive
    description:
      name: quiver
      url: "https://mirrors.tuna.tsinghua.edu.cn/dart-pub/"
    source: hosted
    version: "2.0.5"
  shared_preferences:
    dependency: transitive
    description:
      name: shared_preferences
      url: "https://mirrors.tuna.tsinghua.edu.cn/dart-pub/"
    source: hosted
    version: "0.5.4+5"
  shelf:
    dependency: transitive
    description:
      name: shelf
      url: "https://mirrors.tuna.tsinghua.edu.cn/dart-pub/"
    source: hosted
    version: "0.7.5"
  shelf_packages_handler:
    dependency: transitive
    description:
      name: shelf_packages_handler
      url: "https://mirrors.tuna.tsinghua.edu.cn/dart-pub/"
    source: hosted
    version: "1.0.4"
  shelf_static:
    dependency: transitive
    description:
      name: shelf_static
      url: "https://mirrors.tuna.tsinghua.edu.cn/dart-pub/"
    source: hosted
    version: "0.2.8"
  shelf_web_socket:
    dependency: transitive
    description:
      name: shelf_web_socket
      url: "https://mirrors.tuna.tsinghua.edu.cn/dart-pub/"
    source: hosted
    version: "0.2.3"
  sky_engine:
    dependency: transitive
    description: flutter
    source: sdk
    version: "0.0.99"
  source_map_stack_trace:
    dependency: transitive
    description:
      name: source_map_stack_trace
      url: "https://mirrors.tuna.tsinghua.edu.cn/dart-pub/"
    source: hosted
    version: "1.1.5"
  source_maps:
    dependency: transitive
    description:
      name: source_maps
      url: "https://mirrors.tuna.tsinghua.edu.cn/dart-pub/"
    source: hosted
    version: "0.10.8"
  source_span:
    dependency: transitive
    description:
      name: source_span
      url: "https://mirrors.tuna.tsinghua.edu.cn/dart-pub/"
    source: hosted
    version: "1.5.5"
  stack_trace:
    dependency: transitive
    description:
      name: stack_trace
      url: "https://mirrors.tuna.tsinghua.edu.cn/dart-pub/"
    source: hosted
    version: "1.9.3"
  stream_channel:
    dependency: transitive
    description:
      name: stream_channel
      url: "https://mirrors.tuna.tsinghua.edu.cn/dart-pub/"
    source: hosted
    version: "2.0.0"
  streaming_shared_preferences:
    dependency: "direct main"
    description:
      name: streaming_shared_preferences
      url: "https://mirrors.tuna.tsinghua.edu.cn/dart-pub/"
    source: hosted
    version: "1.0.1"
  string_scanner:
    dependency: transitive
    description:
      name: string_scanner
      url: "https://mirrors.tuna.tsinghua.edu.cn/dart-pub/"
    source: hosted
    version: "1.0.5"
  term_glyph:
    dependency: transitive
    description:
      name: term_glyph
      url: "https://mirrors.tuna.tsinghua.edu.cn/dart-pub/"
    source: hosted
    version: "1.1.0"
  test:
    dependency: "direct dev"
    description:
      name: test
      url: "https://mirrors.tuna.tsinghua.edu.cn/dart-pub/"
    source: hosted
    version: "1.6.3"
  test_api:
    dependency: transitive
    description:
      name: test_api
      url: "https://mirrors.tuna.tsinghua.edu.cn/dart-pub/"
    source: hosted
    version: "0.2.5"
  test_core:
    dependency: transitive
    description:
      name: test_core
      url: "https://mirrors.tuna.tsinghua.edu.cn/dart-pub/"
    source: hosted
    version: "0.2.5"
  typed_data:
    dependency: transitive
    description:
      name: typed_data
      url: "https://mirrors.tuna.tsinghua.edu.cn/dart-pub/"
    source: hosted
    version: "1.1.6"
  vector_math:
    dependency: transitive
    description:
      name: vector_math
      url: "https://mirrors.tuna.tsinghua.edu.cn/dart-pub/"
    source: hosted
    version: "2.0.8"
  vm_service_client:
    dependency: transitive
    description:
      name: vm_service_client
      url: "https://mirrors.tuna.tsinghua.edu.cn/dart-pub/"
    source: hosted
    version: "0.2.6+2"
  watcher:
    dependency: transitive
    description:
      name: watcher
      url: "https://mirrors.tuna.tsinghua.edu.cn/dart-pub/"
    source: hosted
    version: "0.9.7+12"
  web_socket_channel:
    dependency: transitive
    description:
      name: web_socket_channel
      url: "https://mirrors.tuna.tsinghua.edu.cn/dart-pub/"
    source: hosted
    version: "1.1.0"
  xml:
    dependency: transitive
    description:
      name: xml
      url: "https://mirrors.tuna.tsinghua.edu.cn/dart-pub/"
    source: hosted
    version: "3.5.0"
  yaml:
    dependency: transitive
    description:
      name: yaml
      url: "https://mirrors.tuna.tsinghua.edu.cn/dart-pub/"
    source: hosted
    version: "2.2.0"
sdks:
  dart: ">=2.4.0 <3.0.0"
