PODS:
  - fijkplayer (0.0.1):
    - FIJKPlayer
    - Flutter
  - FIJKPlayer (0.1.1)
  - Flutter (1.0.0)

DEPENDENCIES:
  - fijkplayer (from `.symlinks/plugins/fijkplayer/ios`)
  - Flutter (from `.symlinks/flutter/ios`)

SPEC REPOS:
  https://github.com/cocoapods/specs.git:
    - FIJKPlayer

EXTERNAL SOURCES:
  fijkplayer:
    :path: ".symlinks/plugins/fijkplayer/ios"
  Flutter:
    :path: ".symlinks/flutter/ios"

SPEC CHECKSUMS:
  FIJKPlayer: af33e39cf57612f89e259facb385ff8bb8e86869
  fijkplayer: f9f3d09daf301ce6588816940a33e082e5c72795
  Flutter: 58dd7d1b27887414a370fcccb9e645c08ffd7a6a

PODFILE CHECKSUM: 3389836f37640698630b8f0670315d626d5f1469

COCOAPODS: 1.7.2
